
Microsoft Visual Studio Solution File, Format Version 12.00
# Visual Studio 15
VisualStudioVersion = 15.0.27428.2015
MinimumVisualStudioVersion = 10.0.40219.1
Project("{FAE04EC0-301F-11D3-BF4B-00C04F79EFBC}") = "neuroskyApp", "neuroskyApp\neuroskyApp.csproj", "{8971820F-1A6F-41D7-B58B-025AFA8303BF}"
EndProject
Global
	GlobalSection(SolutionConfigurationPlatforms) = preSolution
		Debug|Any CPU = Debug|Any CPU
		Release|Any CPU = Release|Any CPU
	EndGlobalSection
	GlobalSection(ProjectConfigurationPlatforms) = postSolution
		{8971820F-1A6F-41D7-B58B-025AFA8303BF}.Debug|Any CPU.ActiveCfg = Debug|Any CPU
		{8971820F-1A6F-41D7-B58B-025AFA8303BF}.Debug|Any CPU.Build.0 = Debug|Any CPU
		{8971820F-1A6F-41D7-B58B-025AFA8303BF}.Release|Any CPU.ActiveCfg = Release|Any CPU
		{8971820F-1A6F-41D7-B58B-025AFA8303BF}.Release|Any CPU.Build.0 = Release|Any CPU
	EndGlobalSection
	GlobalSection(SolutionProperties) = preSolution
		HideSolutionNode = FALSE
	EndGlobalSection
	GlobalSection(ExtensibilityGlobals) = postSolution
		SolutionGuid = {73AE4D08-9D17-427A-A842-C8EF4852A912}
	EndGlobalSection
EndGlobal
